
Microsoft Visual Studio Solution File, Format Version 12.00
# Visual Studio Version 17
VisualStudioVersion = 17.5.33414.496
MinimumVisualStudioVersion = 10.0.40219.1
Project("{FAE04EC0-301F-11D3-BF4B-00C04F79EFBC}") = "Curs1", "Curs1\Curs1.csproj", "{FC6F0194-BF68-4520-865F-681C276DAEC1}"
EndProject
Global
	GlobalSection(SolutionConfigurationPlatforms) = preSolution
		Debug|Any CPU = Debug|Any CPU
		Release|Any CPU = Release|Any CPU
	EndGlobalSection
	GlobalSection(ProjectConfigurationPlatforms) = postSolution
		{FC6F0194-BF68-4520-865F-681C276DAEC1}.Debug|Any CPU.ActiveCfg = Debug|Any CPU
		{FC6F0194-BF68-4520-865F-681C276DAEC1}.Debug|Any CPU.Build.0 = Debug|Any CPU
		{FC6F0194-BF68-4520-865F-681C276DAEC1}.Release|Any CPU.ActiveCfg = Release|Any CPU
		{FC6F0194-BF68-4520-865F-681C276DAEC1}.Release|Any CPU.Build.0 = Release|Any CPU
	EndGlobalSection
	GlobalSection(SolutionProperties) = preSolution
		HideSolutionNode = FALSE
	EndGlobalSection
	GlobalSection(ExtensibilityGlobals) = postSolution
		SolutionGuid = {17B600EE-AA94-4F9A-A20C-69F27283B72D}
	EndGlobalSection
EndGlobal
