
Microsoft Visual Studio Solution File, Format Version 12.00
# Visual Studio Version 17
VisualStudioVersion = 17.5.33414.496
MinimumVisualStudioVersion = 10.0.40219.1
Project("{FAE04EC0-301F-11D3-BF4B-00C04F79EFBC}") = "Seminar3", "Seminar3\Seminar3.csproj", "{236EA2C8-F08B-4181-AF8D-8587DE2C83CB}"
EndProject
Global
	GlobalSection(SolutionConfigurationPlatforms) = preSolution
		Debug|Any CPU = Debug|Any CPU
		Release|Any CPU = Release|Any CPU
	EndGlobalSection
	GlobalSection(ProjectConfigurationPlatforms) = postSolution
		{236EA2C8-F08B-4181-AF8D-8587DE2C83CB}.Debug|Any CPU.ActiveCfg = Debug|Any CPU
		{236EA2C8-F08B-4181-AF8D-8587DE2C83CB}.Debug|Any CPU.Build.0 = Debug|Any CPU
		{236EA2C8-F08B-4181-AF8D-8587DE2C83CB}.Release|Any CPU.ActiveCfg = Release|Any CPU
		{236EA2C8-F08B-4181-AF8D-8587DE2C83CB}.Release|Any CPU.Build.0 = Release|Any CPU
	EndGlobalSection
	GlobalSection(SolutionProperties) = preSolution
		HideSolutionNode = FALSE
	EndGlobalSection
	GlobalSection(ExtensibilityGlobals) = postSolution
		SolutionGuid = {4FF09D31-3C79-438D-8913-820F6269C4BF}
	EndGlobalSection
EndGlobal
