
Microsoft Visual Studio Solution File, Format Version 12.00
# Visual Studio Version 17
VisualStudioVersion = 17.5.33502.453
MinimumVisualStudioVersion = 10.0.40219.1
Project("{FAE04EC0-301F-11D3-BF4B-00C04F79EFBC}") = "8_excelExample", "8_excelExample\8_excelExample.csproj", "{45254AD8-2FA4-4F89-B518-28FC3B24008A}"
EndProject
Global
	GlobalSection(SolutionConfigurationPlatforms) = preSolution
		Debug|Any CPU = Debug|Any CPU
		Release|Any CPU = Release|Any CPU
	EndGlobalSection
	GlobalSection(ProjectConfigurationPlatforms) = postSolution
		{45254AD8-2FA4-4F89-B518-28FC3B24008A}.Debug|Any CPU.ActiveCfg = Debug|Any CPU
		{45254AD8-2FA4-4F89-B518-28FC3B24008A}.Debug|Any CPU.Build.0 = Debug|Any CPU
		{45254AD8-2FA4-4F89-B518-28FC3B24008A}.Release|Any CPU.ActiveCfg = Release|Any CPU
		{45254AD8-2FA4-4F89-B518-28FC3B24008A}.Release|Any CPU.Build.0 = Release|Any CPU
	EndGlobalSection
	GlobalSection(SolutionProperties) = preSolution
		HideSolutionNode = FALSE
	EndGlobalSection
	GlobalSection(ExtensibilityGlobals) = postSolution
		SolutionGuid = {C42E683B-DB28-40B8-9844-362943663EBA}
	EndGlobalSection
EndGlobal
