
Microsoft Visual Studio Solution File, Format Version 12.00
# Visual Studio Version 17
VisualStudioVersion = 17.5.33502.453
MinimumVisualStudioVersion = 10.0.40219.1
Project("{FAE04EC0-301F-11D3-BF4B-00C04F79EFBC}") = "Curs10ASM", "Curs10ASM\Curs10ASM.csproj", "{4CDE8B32-B4D0-4C77-A6E2-B7511E0D664F}"
EndProject
Global
	GlobalSection(SolutionConfigurationPlatforms) = preSolution
		Debug|Any CPU = Debug|Any CPU
		Release|Any CPU = Release|Any CPU
	EndGlobalSection
	GlobalSection(ProjectConfigurationPlatforms) = postSolution
		{4CDE8B32-B4D0-4C77-A6E2-B7511E0D664F}.Debug|Any CPU.ActiveCfg = Debug|Any CPU
		{4CDE8B32-B4D0-4C77-A6E2-B7511E0D664F}.Debug|Any CPU.Build.0 = Debug|Any CPU
		{4CDE8B32-B4D0-4C77-A6E2-B7511E0D664F}.Release|Any CPU.ActiveCfg = Release|Any CPU
		{4CDE8B32-B4D0-4C77-A6E2-B7511E0D664F}.Release|Any CPU.Build.0 = Release|Any CPU
	EndGlobalSection
	GlobalSection(SolutionProperties) = preSolution
		HideSolutionNode = FALSE
	EndGlobalSection
	GlobalSection(ExtensibilityGlobals) = postSolution
		SolutionGuid = {898F8B8A-B7A7-443D-846F-1D1C44008113}
	EndGlobalSection
EndGlobal
