
Microsoft Visual Studio Solution File, Format Version 12.00
# Visual Studio Version 17
VisualStudioVersion = 17.5.33502.453
MinimumVisualStudioVersion = 10.0.40219.1
Project("{FAE04EC0-301F-11D3-BF4B-00C04F79EFBC}") = "1_eveniment_delegate", "1_eveniment_delegate\1_eveniment_delegate.csproj", "{E3711D1F-85BD-43EF-897A-CD0091929D26}"
EndProject
Global
	GlobalSection(SolutionConfigurationPlatforms) = preSolution
		Debug|Any CPU = Debug|Any CPU
		Release|Any CPU = Release|Any CPU
	EndGlobalSection
	GlobalSection(ProjectConfigurationPlatforms) = postSolution
		{E3711D1F-85BD-43EF-897A-CD0091929D26}.Debug|Any CPU.ActiveCfg = Debug|Any CPU
		{E3711D1F-85BD-43EF-897A-CD0091929D26}.Debug|Any CPU.Build.0 = Debug|Any CPU
		{E3711D1F-85BD-43EF-897A-CD0091929D26}.Release|Any CPU.ActiveCfg = Release|Any CPU
		{E3711D1F-85BD-43EF-897A-CD0091929D26}.Release|Any CPU.Build.0 = Release|Any CPU
	EndGlobalSection
	GlobalSection(SolutionProperties) = preSolution
		HideSolutionNode = FALSE
	EndGlobalSection
	GlobalSection(ExtensibilityGlobals) = postSolution
		SolutionGuid = {2A7D6EE5-783F-4E7A-8AEC-4407EFD93CEF}
	EndGlobalSection
EndGlobal
