
Microsoft Visual Studio Solution File, Format Version 12.00
# Visual Studio Version 17
VisualStudioVersion = 17.5.33502.453
MinimumVisualStudioVersion = 10.0.40219.1
Project("{FAE04EC0-301F-11D3-BF4B-00C04F79EFBC}") = "Curs5PPTADDIN", "Curs5PPTADDIN\Curs5PPTADDIN.csproj", "{0AD0B54F-1F9E-4EB3-B884-620964C83092}"
EndProject
Global
	GlobalSection(SolutionConfigurationPlatforms) = preSolution
		Debug|Any CPU = Debug|Any CPU
		Release|Any CPU = Release|Any CPU
	EndGlobalSection
	GlobalSection(ProjectConfigurationPlatforms) = postSolution
		{0AD0B54F-1F9E-4EB3-B884-620964C83092}.Debug|Any CPU.ActiveCfg = Debug|Any CPU
		{0AD0B54F-1F9E-4EB3-B884-620964C83092}.Debug|Any CPU.Build.0 = Debug|Any CPU
		{0AD0B54F-1F9E-4EB3-B884-620964C83092}.Release|Any CPU.ActiveCfg = Release|Any CPU
		{0AD0B54F-1F9E-4EB3-B884-620964C83092}.Release|Any CPU.Build.0 = Release|Any CPU
	EndGlobalSection
	GlobalSection(SolutionProperties) = preSolution
		HideSolutionNode = FALSE
	EndGlobalSection
	GlobalSection(ExtensibilityGlobals) = postSolution
		SolutionGuid = {52AED561-4849-4529-AB1E-7227567BBAC6}
	EndGlobalSection
EndGlobal
